// !$*UTF8*$!
{
	archiveVersion = 1;
	classes = {
	};
	objectVersion = 46;
	objects = {

/* Begin PBXBuildFile section */
		1F7B81321D47EC95005B9D74 /* AppDelegate.swift in Sources */ = {isa = PBXBuildFile; fileRef = 1F7B81311D47EC95005B9D74 /* AppDelegate.swift */; };
		1F7B81341D47EC95005B9D74 /* ViewController.swift in Sources */ = {isa = PBXBuildFile; fileRef = 1F7B81331D47EC95005B9D74 /* ViewController.swift */; };
		1F7B81371D47EC95005B9D74 /* Main.storyboard in Resources */ = {isa = PBXBuildFile; fileRef = 1F7B81351D47EC95005B9D74 /* Main.storyboard */; };
		1F7B81391D47EC95005B9D74 /* Assets.xcassets in Resources */ = {isa = PBXBuildFile; fileRef = 1F7B81381D47EC95005B9D74 /* Assets.xcassets */; };
		1F7B813C1D47EC95005B9D74 /* LaunchScreen.storyboard in Resources */ = {isa = PBXBuildFile; fileRef = 1F7B813A1D47EC95005B9D74 /* LaunchScreen.storyboard */; };
/* End PBXBuildFile section */

/* Begin PBXFileReference section */
		1F7B812E1D47EC95005B9D74 /* GitTesting.app */ = {isa = PBXFileReference; explicitFileType = wrapper.application; includeInIndex = 0; path = GitTesting.app; sourceTree = BUILT_PRODUCTS_DIR; };
		1F7B81311D47EC95005B9D74 /* AppDelegate.swift */ = {isa = PBXFileReference; lastKnownFileType = sourcecode.swift; path = AppDelegate.swift; sourceTree = "<group>"; };
		1F7B81331D47EC95005B9D74 /* ViewController.swift */ = {isa = PBXFileReference; lastKnownFileType = sourcecode.swift; path = ViewController.swift; sourceTree = "<group>"; };
		1F7B81361D47EC95005B9D74 /* Base */ = {isa = PBXFileReference; lastKnownFileType = file.storyboard; name = Base; path = Base.lproj/Main.storyboard; sourceTree = "<group>"; };
		1F7B81381D47EC95005B9D74 /* Assets.xcassets */ = {isa = PBXFileReference; lastKnownFileType = folder.assetcatalog; path = Assets.xcassets; sourceTree = "<group>"; };
		1F7B813B1D47EC95005B9D74 /* Base */ = {isa = PBXFileReference; lastKnownFileType = file.storyboard; name = Base; path = Base.lproj/LaunchScreen.storyboard; sourceTree = "<group>"; };
		1F7B813D1D47EC95005B9D74 /* Info.plist */ = {isa = PBXFileReference; lastKnownFileType = text.plist.xml; path = Info.plist; sourceTree = "<group>"; };
/* End PBXFileReference section */

/* Begin PBXFrameworksBuildPhase section */
		1F7B812B1D47EC95005B9D74 /* Frameworks */ = {
			isa = PBXFrameworksBuildPhase;
			buildActionMask = 2147483647;
			files = (
			);
			runOnlyForDeploymentPostprocessing = 0;
		};
/* End PBXFrameworksBuildPhase section */

/* Begin PBXGroup section */
		1F7B81251D47EC95005B9D74 = {
			isa = PBXGroup;
			children = (
				1F7B81301D47EC95005B9D74 /* GitTesting */,
				1F7B812F1D47EC95005B9D74 /* Products */,
			);
			sourceTree = "<group>";
		};
		1F7B812F1D47EC95005B9D74 /* Products */ = {
			isa = PBXGroup;
			children = (
				1F7B812E1D47EC95005B9D74 /* GitTesting.app */,
			);
			name = Products;
			sourceTree = "<group>";
		};
		1F7B81301D47EC95005B9D74 /* GitTesting */ = {
			isa = PBXGroup;
			children = (
				1F7B81311D47EC95005B9D74 /* AppDelegate.swift */,
				1F7B81331D47EC95005B9D74 /* ViewController.swift */,
				1F7B81351D47EC95005B9D74 /* Main.storyboard */,
				1F7B81381D47EC95005B9D74 /* Assets.xcassets */,
				1F7B813A1D47EC95005B9D74 /* LaunchScreen.storyboard */,
				1F7B813D1D47EC95005B9D74 /* Info.plist */,
			);
			path = GitTesting;
			sourceTree = "<group>";
		};
/* End PBXGroup section */

/* Begin PBXNativeTarget section */
		1F7B812D1D47EC95005B9D74 /* GitTesting */ = {
			isa = PBXNativeTarget;
			buildConfigurationList = 1F7B81401D47EC95005B9D74 /* Build configuration list for PBXNativeTarget "GitTesting" */;
			buildPhases = (
				1F7B812A1D47EC95005B9D74 /* Sources */,
				1F7B812B1D47EC95005B9D74 /* Frameworks */,
				1F7B812C1D47EC95005B9D74 /* Resources */,
			);
			buildRules = (
			);
			dependencies = (
			);
			name = GitTesting;
			productName = GitTesting;
			productReference = 1F7B812E1D47EC95005B9D74 /* GitTesting.app */;
			productType = "com.apple.product-type.application";
		};
/* End PBXNativeTarget section */

/* Begin PBXProject section */
		1F7B81261D47EC95005B9D74 /* Project object */ = {
			isa = PBXProject;
			attributes = {
				LastSwiftUpdateCheck = 0730;
				LastUpgradeCheck = 0730;
				ORGANIZATIONNAME = "Fey, Gloria";
				TargetAttributes = {
					1F7B812D1D47EC95005B9D74 = {
						CreatedOnToolsVersion = 7.3.1;
					};
				};
			};
			buildConfigurationList = 1F7B81291D47EC95005B9D74 /* Build configuration list for PBXProject "GitTesting" */;
			compatibilityVersion = "Xcode 3.2";
			developmentRegion = English;
			hasScannedForEncodings = 0;
			knownRegions = (
				en,
				Base,
			);
			mainGroup = 1F7B81251D47EC95005B9D74;
			productRefGroup = 1F7B812F1D47EC95005B9D74 /* Products */;
			projectDirPath = "";
			projectRoot = "";
			targets = (
				1F7B812D1D47EC95005B9D74 /* GitTesting */,
			);
		};
/* End PBXProject section */

/* Begin PBXResourcesBuildPhase section */
		1F7B812C1D47EC95005B9D74 /* Resources */ = {
			isa = PBXResourcesBuildPhase;
			buildActionMask = 2147483647;
			files = (
				1F7B813C1D47EC95005B9D74 /* LaunchScreen.storyboard in Resources */,
				1F7B81391D47EC95005B9D74 /* Assets.xcassets in Resources */,
				1F7B81371D47EC95005B9D74 /* Main.storyboard in Resources */,
			);
			runOnlyForDeploymentPostprocessing = 0;
		};
/* End PBXResourcesBuildPhase section */

/* Begin PBXSourcesBuildPhase section */
		1F7B812A1D47EC95005B9D74 /* Sources */ = {
			isa = PBXSourcesBuildPhase;
			buildActionMask = 2147483647;
			files = (
				1F7B81341D47EC95005B9D74 /* ViewController.swift in Sources */,
				1F7B81321D47EC95005B9D74 /* AppDelegate.swift in Sources */,
			);
			runOnlyForDeploymentPostprocessing = 0;
		};
/* End PBXSourcesBuildPhase section */

/* Begin PBXVariantGroup section */
		1F7B81351D47EC95005B9D74 /* Main.storyboard */ = {
			isa = PBXVariantGroup;
			children = (
				1F7B81361D47EC95005B9D74 /* Base */,
			);
			name = Main.storyboard;
			sourceTree = "<group>";
		};
		1F7B813A1D47EC95005B9D74 /* LaunchScreen.storyboard */ = {
			isa = PBXVariantGroup;
			children = (
				1F7B813B1D47EC95005B9D74 /* Base */,
			);
			name = LaunchScreen.storyboard;
			sourceTree = "<group>";
		};
/* End PBXVariantGroup section */

/* Begin XCBuildConfiguration section */
		1F7B813E1D47EC95005B9D74 /* Debug */ = {
			isa = XCBuildConfiguration;
			buildSettings = {
				ALWAYS_SEARCH_USER_PATHS = NO;
				CLANG_ANALYZER_NONNULL = YES;
				CLANG_CXX_LANGUAGE_STANDARD = "gnu++0x";
				CLANG_CXX_LIBRARY = "libc++";
				CLANG_ENABLE_MODULES = YES;
				CLANG_ENABLE_OBJC_ARC = YES;
				CLANG_WARN_BOOL_CONVERSION = YES;
				CLANG_WARN_CONSTANT_CONVERSION = YES;
				CLANG_WARN_DIRECT_OBJC_ISA_USAGE = YES_ERROR;
				CLANG_WARN_EMPTY_BODY = YES;
				CLANG_WARN_ENUM_CONVERSION = YES;
				CLANG_WARN_INT_CONVERSION = YES;
				CLANG_WARN_OBJC_ROOT_CLASS = YES_ERROR;
				CLANG_WARN_UNREACHABLE_CODE = YES;
				CLANG_WARN__DUPLICATE_METHOD_MATCH = YES;
				"CODE_SIGN_IDENTITY[sdk=iphoneos*]" = "iPhone Developer";
				COPY_PHASE_STRIP = NO;
				DEBUG_INFORMATION_FORMAT = dwarf;
				ENABLE_STRICT_OBJC_MSGSEND = YES;
				ENABLE_TESTABILITY = YES;
				GCC_C_LANGUAGE_STANDARD = gnu99;
				GCC_DYNAMIC_NO_PIC = NO;
				GCC_NO_COMMON_BLOCKS = YES;
				GCC_OPTIMIZATION_LEVEL = 0;
				GCC_PREPROCESSOR_DEFINITIONS = (
					"DEBUG=1",
					"$(inherited)",
				);
				GCC_WARN_64_TO_32_BIT_CONVERSION = YES;
				GCC_WARN_ABOUT_RETURN_TYPE = YES_ERROR;
				GCC_WARN_UNDECLARED_SELECTOR = YES;
				GCC_WARN_UNINITIALIZED_AUTOS = YES_AGGRESSIVE;
				GCC_WARN_UNUSED_FUNCTION = YES;
				GCC_WARN_UNUSED_VARIABLE = YES;
				IPHONEOS_DEPLOYMENT_TARGET = 9.3;
				MTL_ENABLE_DEBUG_INFO = YES;
				ONLY_ACTIVE_ARCH = YES;
				SDKROOT = iphoneos;
				SWIFT_OPTIMIZATION_LEVEL = "-Onone";
			};
			name = Debug;
		};
		1F7B813F1D47EC95005B9D74 /* Release */ = {
			isa = XCBuildConfiguration;
			buildSettings = {
				ALWAYS_SEARCH_USER_PATHS = NO;
				CLANG_ANALYZER_NONNULL = YES;
				CLANG_CXX_LANGUAGE_STANDARD = "gnu++0x";
				CLANG_CXX_LIBRARY = "libc++";
				CLANG_ENABLE_MODULES = YES;
				CLANG_ENABLE_OBJC_ARC = YES;
				CLANG_WARN_BOOL_CONVERSION = YES;
				CLANG_WARN_CONSTANT_CONVERSION = YES;
				CLANG_WARN_DIRECT_OBJC_ISA_USAGE = YES_ERROR;
				CLANG_WARN_EMPTY_BODY = YES;
				CLANG_WARN_ENUM_CONVERSION = YES;
				CLANG_WARN_INT_CONVERSION = YES;
				CLANG_WARN_OBJC_ROOT_CLASS = YES_ERROR;
				CLANG_WARN_UNREACHABLE_CODE = YES;
				CLANG_WARN__DUPLICATE_METHOD_MATCH = YES;
				"CODE_SIGN_IDENTITY[sdk=iphoneos*]" = "iPhone Developer";
				COPY_PHASE_STRIP = NO;
				DEBUG_INFORMATION_FORMAT = "dwarf-with-dsym";
				ENABLE_NS_ASSERTIONS = NO;
				ENABLE_STRICT_OBJC_MSGSEND = YES;
				GCC_C_LANGUAGE_STANDARD = gnu99;
				GCC_NO_COMMON_BLOCKS = YES;
				GCC_WARN_64_TO_32_BIT_CONVERSION = YES;
				GCC_WARN_ABOUT_RETURN_TYPE = YES_ERROR;
				GCC_WARN_UNDECLARED_SELECTOR = YES;
				GCC_WARN_UNINITIALIZED_AUTOS = YES_AGGRESSIVE;
				GCC_WARN_UNUSED_FUNCTION = YES;
				GCC_WARN_UNUSED_VARIABLE = YES;
				IPHONEOS_DEPLOYMENT_TARGET = 9.3;
				MTL_ENABLE_DEBUG_INFO = NO;
				SDKROOT = iphoneos;
				VALIDATE_PRODUCT = YES;
			};
			name = Release;
		};
		1F7B81411D47EC95005B9D74 /* Debug */ = {
			isa = XCBuildConfiguration;
			buildSettings = {
				ASSETCATALOG_COMPILER_APPICON_NAME = AppIcon;
				INFOPLIST_FILE = GitTesting/Info.plist;
				LD_RUNPATH_SEARCH_PATHS = "$(inherited) @executable_path/Frameworks";
				PRODUCT_BUNDLE_IDENTIFIER = mm.GitTesting;
				PRODUCT_NAME = "$(TARGET_NAME)";
			};
			name = Debug;
		};
		1F7B81421D47EC95005B9D74 /* Release */ = {
			isa = XCBuildConfiguration;
			buildSettings = {
				ASSETCATALOG_COMPILER_APPICON_NAME = AppIcon;
				INFOPLIST_FILE = GitTesting/Info.plist;
				LD_RUNPATH_SEARCH_PATHS = "$(inherited) @executable_path/Frameworks";
				PRODUCT_BUNDLE_IDENTIFIER = mm.GitTesting;
				PRODUCT_NAME = "$(TARGET_NAME)";
			};
			name = Release;
		};
/* End XCBuildConfiguration section */

/* Begin XCConfigurationList section */
		1F7B81291D47EC95005B9D74 /* Build configuration list for PBXProject "GitTesting" */ = {
			isa = XCConfigurationList;
			buildConfigurations = (
				1F7B813E1D47EC95005B9D74 /* Debug */,
				1F7B813F1D47EC95005B9D74 /* Release */,
			);
			defaultConfigurationIsVisible = 0;
			defaultConfigurationName = Release;
		};
		1F7B81401D47EC95005B9D74 /* Build configuration list for PBXNativeTarget "GitTesting" */ = {
			isa = XCConfigurationList;
			buildConfigurations = (
				1F7B81411D47EC95005B9D74 /* Debug */,
				1F7B81421D47EC95005B9D74 /* Release */,
			);
			defaultConfigurationIsVisible = 0;
		};
/* End XCConfigurationList section */
	};
	rootObject = 1F7B81261D47EC95005B9D74 /* Project object */;
}
